// !$*UTF8*$!
{
	archiveVersion = 1;
	classes = {
	};
	objectVersion = 56;
	objects = {

/* Begin PBXBuildFile section */
		401E6FBC29E9968D00073410 /* TabBarComponent.swift in Sources */ = {isa = PBXBuildFile; fileRef = 401E6FBB29E9968D00073410 /* TabBarComponent.swift */; };
		401E6FBF29E9971600073410 /* TabBarControllerComponentData.swift in Sources */ = {isa = PBXBuildFile; fileRef = 401E6FBE29E9971600073410 /* TabBarControllerComponentData.swift */; };
		401E6FC129E99ADA00073410 /* TabBarControllerViewControllerData.swift in Sources */ = {isa = PBXBuildFile; fileRef = 401E6FC029E99ADA00073410 /* TabBarControllerViewControllerData.swift */; };
		401E6FC429E9B0C500073410 /* UserProfileViewController.swift in Sources */ = {isa = PBXBuildFile; fileRef = 401E6FC329E9B0C500073410 /* UserProfileViewController.swift */; };
		401E6FC629E9B0D000073410 /* UserProfileViewModel.swift in Sources */ = {isa = PBXBuildFile; fileRef = 401E6FC529E9B0D000073410 /* UserProfileViewModel.swift */; };
		401E6FC829E9B0DC00073410 /* UserProfileBuilder.swift in Sources */ = {isa = PBXBuildFile; fileRef = 401E6FC729E9B0DC00073410 /* UserProfileBuilder.swift */; };
		401E6FCC29E9BF3F00073410 /* ImageViewComponent.swift in Sources */ = {isa = PBXBuildFile; fileRef = 401E6FCA29E9BF3F00073410 /* ImageViewComponent.swift */; };
		401E6FCD29E9BF3F00073410 /* ImageViewComponentEnum.swift in Sources */ = {isa = PBXBuildFile; fileRef = 401E6FCB29E9BF3F00073410 /* ImageViewComponentEnum.swift */; };
		401E6FD129E9BFA700073410 /* ImageCacheManager.swift in Sources */ = {isa = PBXBuildFile; fileRef = 401E6FD029E9BFA700073410 /* ImageCacheManager.swift */; };
		401E6FD329E9C06000073410 /* UserProfileInformationData.swift in Sources */ = {isa = PBXBuildFile; fileRef = 401E6FD229E9C06000073410 /* UserProfileInformationData.swift */; };
		401E6FD629E9CC5A00073410 /* UserProfileInformationComponent.swift in Sources */ = {isa = PBXBuildFile; fileRef = 401E6FD529E9CC5A00073410 /* UserProfileInformationComponent.swift */; };
		401E6FD829E9CC6600073410 /* UserProfileInformationComponentData.swift in Sources */ = {isa = PBXBuildFile; fileRef = 401E6FD729E9CC6600073410 /* UserProfileInformationComponentData.swift */; };
		401E6FDB29E9D56100073410 /* SearchController.swift in Sources */ = {isa = PBXBuildFile; fileRef = 401E6FDA29E9D56100073410 /* SearchController.swift */; };
		401E6FDD29E9D57300073410 /* SearchControllerViewModel.swift in Sources */ = {isa = PBXBuildFile; fileRef = 401E6FDC29E9D57300073410 /* SearchControllerViewModel.swift */; };
		401E6FDF29E9D5D400073410 /* SearchScreenViewController.swift in Sources */ = {isa = PBXBuildFile; fileRef = 401E6FDE29E9D5D400073410 /* SearchScreenViewController.swift */; };
		401E6FE229E9D61D00073410 /* SearchScreenViewModel.swift in Sources */ = {isa = PBXBuildFile; fileRef = 401E6FE129E9D61D00073410 /* SearchScreenViewModel.swift */; };
		401E6FE429E9D68400073410 /* SearchScreenBuilder.swift in Sources */ = {isa = PBXBuildFile; fileRef = 401E6FE329E9D68400073410 /* SearchScreenBuilder.swift */; };
		4030027029D7126A00899CF5 /* AppDelegate.swift in Sources */ = {isa = PBXBuildFile; fileRef = 4030026F29D7126A00899CF5 /* AppDelegate.swift */; };
		4030027929D7126C00899CF5 /* Assets.xcassets in Resources */ = {isa = PBXBuildFile; fileRef = 4030027829D7126C00899CF5 /* Assets.xcassets */; };
		4030027C29D7126C00899CF5 /* LaunchScreen.storyboard in Resources */ = {isa = PBXBuildFile; fileRef = 4030027A29D7126C00899CF5 /* LaunchScreen.storyboard */; };
		4030029029D712AF00899CF5 /* BaseCollectionView.swift in Sources */ = {isa = PBXBuildFile; fileRef = 4030028429D712AF00899CF5 /* BaseCollectionView.swift */; };
		4030029129D712AF00899CF5 /* BaseViewController.swift in Sources */ = {isa = PBXBuildFile; fileRef = 4030028529D712AF00899CF5 /* BaseViewController.swift */; };
		4030029229D712AF00899CF5 /* BaseTableViewCell.swift in Sources */ = {isa = PBXBuildFile; fileRef = 4030028629D712AF00899CF5 /* BaseTableViewCell.swift */; };
		4030029329D712AF00899CF5 /* BaseCollectionViewCell.swift in Sources */ = {isa = PBXBuildFile; fileRef = 4030028729D712AF00899CF5 /* BaseCollectionViewCell.swift */; };
		4030029429D712AF00899CF5 /* GenericCollectionViewCell.swift in Sources */ = {isa = PBXBuildFile; fileRef = 4030028829D712AF00899CF5 /* GenericCollectionViewCell.swift */; };
		4030029529D712AF00899CF5 /* GenericBaseView.swift in Sources */ = {isa = PBXBuildFile; fileRef = 4030028929D712AF00899CF5 /* GenericBaseView.swift */; };
		4030029629D712AF00899CF5 /* BaseSearchController.swift in Sources */ = {isa = PBXBuildFile; fileRef = 4030028A29D712AF00899CF5 /* BaseSearchController.swift */; };
		4030029729D712AF00899CF5 /* BaseLabel.swift in Sources */ = {isa = PBXBuildFile; fileRef = 4030028B29D712AF00899CF5 /* BaseLabel.swift */; };
		4030029829D712AF00899CF5 /* BaseTableView.swift in Sources */ = {isa = PBXBuildFile; fileRef = 4030028C29D712AF00899CF5 /* BaseTableView.swift */; };
		4030029929D712AF00899CF5 /* GenericTableViewCell.swift in Sources */ = {isa = PBXBuildFile; fileRef = 4030028D29D712AF00899CF5 /* GenericTableViewCell.swift */; };
		4030029A29D712AF00899CF5 /* BaseView.swift in Sources */ = {isa = PBXBuildFile; fileRef = 4030028E29D712AF00899CF5 /* BaseView.swift */; };
		4030029B29D712AF00899CF5 /* BaseButton.swift in Sources */ = {isa = PBXBuildFile; fileRef = 4030028F29D712AF00899CF5 /* BaseButton.swift */; };
		403002A129D712B900899CF5 /* GoogleSignInButton.swift in Sources */ = {isa = PBXBuildFile; fileRef = 4030029E29D712B900899CF5 /* GoogleSignInButton.swift */; };
		403002A229D712B900899CF5 /* LoadingViewComponent.swift in Sources */ = {isa = PBXBuildFile; fileRef = 403002A029D712B900899CF5 /* LoadingViewComponent.swift */; };
		403002A629D712C700899CF5 /* UIColor+Extension.swift in Sources */ = {isa = PBXBuildFile; fileRef = 403002A429D712C700899CF5 /* UIColor+Extension.swift */; };
		403002A729D712C700899CF5 /* UIView+Extension.swift in Sources */ = {isa = PBXBuildFile; fileRef = 403002A529D712C700899CF5 /* UIView+Extension.swift */; };
		403002AD29D712CE00899CF5 /* LoginPageViewModel.swift in Sources */ = {isa = PBXBuildFile; fileRef = 403002AA29D712CE00899CF5 /* LoginPageViewModel.swift */; };
		403002AE29D712CE00899CF5 /* LoginPageBuilder.swift in Sources */ = {isa = PBXBuildFile; fileRef = 403002AB29D712CE00899CF5 /* LoginPageBuilder.swift */; };
		403002AF29D712CE00899CF5 /* LoginPageViewController.swift in Sources */ = {isa = PBXBuildFile; fileRef = 403002AC29D712CE00899CF5 /* LoginPageViewController.swift */; };
		403002B329D712D400899CF5 /* BaseViewModel.swift in Sources */ = {isa = PBXBuildFile; fileRef = 403002B129D712D400899CF5 /* BaseViewModel.swift */; };
		403002B429D712D400899CF5 /* GenericDataProtocol.swift in Sources */ = {isa = PBXBuildFile; fileRef = 403002B229D712D400899CF5 /* GenericDataProtocol.swift */; };
		403002B829D713B100899CF5 /* FirebaseAnalytics in Frameworks */ = {isa = PBXBuildFile; productRef = 403002B729D713B100899CF5 /* FirebaseAnalytics */; };
		403002BA29D713B100899CF5 /* FirebaseAuth in Frameworks */ = {isa = PBXBuildFile; productRef = 403002B929D713B100899CF5 /* FirebaseAuth */; };
		403002BC29D713B100899CF5 /* FirebaseCrashlytics in Frameworks */ = {isa = PBXBuildFile; productRef = 403002BB29D713B100899CF5 /* FirebaseCrashlytics */; };
		403002BE29D713B100899CF5 /* FirebaseDatabase in Frameworks */ = {isa = PBXBuildFile; productRef = 403002BD29D713B100899CF5 /* FirebaseDatabase */; };
		403002C029D713B100899CF5 /* FirebaseFirestore in Frameworks */ = {isa = PBXBuildFile; productRef = 403002BF29D713B100899CF5 /* FirebaseFirestore */; };
		403002C229D713B100899CF5 /* FirebaseStorage in Frameworks */ = {isa = PBXBuildFile; productRef = 403002C129D713B100899CF5 /* FirebaseStorage */; };
		403002C529D7141F00899CF5 /* GoogleSignIn in Frameworks */ = {isa = PBXBuildFile; productRef = 403002C429D7141F00899CF5 /* GoogleSignIn */; };
		403002C729D7141F00899CF5 /* GoogleSignInSwift in Frameworks */ = {isa = PBXBuildFile; productRef = 403002C629D7141F00899CF5 /* GoogleSignInSwift */; };
		403002C929D7143500899CF5 /* GoogleService-Info.plist in Resources */ = {isa = PBXBuildFile; fileRef = 403002C829D7143500899CF5 /* GoogleService-Info.plist */; };
		403002CC29D7224700899CF5 /* SignInButtonData.swift in Sources */ = {isa = PBXBuildFile; fileRef = 403002CB29D7224700899CF5 /* SignInButtonData.swift */; };
		403002CF29D727C400899CF5 /* MainMenuViewController.swift in Sources */ = {isa = PBXBuildFile; fileRef = 403002CE29D727C300899CF5 /* MainMenuViewController.swift */; };
		403002D129D727E500899CF5 /* MainMenuViewModel.swift in Sources */ = {isa = PBXBuildFile; fileRef = 403002D029D727E500899CF5 /* MainMenuViewModel.swift */; };
		403002D329D7282500899CF5 /* MainMenuBuilder.swift in Sources */ = {isa = PBXBuildFile; fileRef = 403002D229D7282500899CF5 /* MainMenuBuilder.swift */; };
		403002D529D7290000899CF5 /* MainMenuRouter.swift in Sources */ = {isa = PBXBuildFile; fileRef = 403002D429D7290000899CF5 /* MainMenuRouter.swift */; };
		403002D929D72B6500899CF5 /* SceneOneViewController.swift in Sources */ = {isa = PBXBuildFile; fileRef = 403002D829D72B6500899CF5 /* SceneOneViewController.swift */; };
		403002DB29D72B6D00899CF5 /* SceneOneViewModel.swift in Sources */ = {isa = PBXBuildFile; fileRef = 403002DA29D72B6D00899CF5 /* SceneOneViewModel.swift */; };
		403002DD29D72B7700899CF5 /* SceneOneBuilder.swift in Sources */ = {isa = PBXBuildFile; fileRef = 403002DC29D72B7700899CF5 /* SceneOneBuilder.swift */; };
		403002E029D736E900899CF5 /* NavigationBarSettingsButton.swift in Sources */ = {isa = PBXBuildFile; fileRef = 403002DF29D736E900899CF5 /* NavigationBarSettingsButton.swift */; };
		403002E229D7371000899CF5 /* NavigationBarSettingsButtonData.swift in Sources */ = {isa = PBXBuildFile; fileRef = 403002E129D7371000899CF5 /* NavigationBarSettingsButtonData.swift */; };
		403002E529D73D0100899CF5 /* AppSettingsViewController.swift in Sources */ = {isa = PBXBuildFile; fileRef = 403002E429D73D0100899CF5 /* AppSettingsViewController.swift */; };
		403002E729D73D0A00899CF5 /* AppSettingsBuilder.swift in Sources */ = {isa = PBXBuildFile; fileRef = 403002E629D73D0A00899CF5 /* AppSettingsBuilder.swift */; };
		403002E929D73D1300899CF5 /* AppSettingsViewModel.swift in Sources */ = {isa = PBXBuildFile; fileRef = 403002E829D73D1300899CF5 /* AppSettingsViewModel.swift */; };
/* End PBXBuildFile section */

/* Begin PBXFileReference section */
		401E6FBB29E9968D00073410 /* TabBarComponent.swift */ = {isa = PBXFileReference; lastKnownFileType = sourcecode.swift; path = TabBarComponent.swift; sourceTree = "<group>"; };
		401E6FBE29E9971600073410 /* TabBarControllerComponentData.swift */ = {isa = PBXFileReference; lastKnownFileType = sourcecode.swift; path = TabBarControllerComponentData.swift; sourceTree = "<group>"; };
		401E6FC029E99ADA00073410 /* TabBarControllerViewControllerData.swift */ = {isa = PBXFileReference; lastKnownFileType = sourcecode.swift; path = TabBarControllerViewControllerData.swift; sourceTree = "<group>"; };
		401E6FC329E9B0C500073410 /* UserProfileViewController.swift */ = {isa = PBXFileReference; lastKnownFileType = sourcecode.swift; path = UserProfileViewController.swift; sourceTree = "<group>"; };
		401E6FC529E9B0D000073410 /* UserProfileViewModel.swift */ = {isa = PBXFileReference; lastKnownFileType = sourcecode.swift; path = UserProfileViewModel.swift; sourceTree = "<group>"; };
		401E6FC729E9B0DC00073410 /* UserProfileBuilder.swift */ = {isa = PBXFileReference; lastKnownFileType = sourcecode.swift; path = UserProfileBuilder.swift; sourceTree = "<group>"; };
		401E6FCA29E9BF3F00073410 /* ImageViewComponent.swift */ = {isa = PBXFileReference; fileEncoding = 4; lastKnownFileType = sourcecode.swift; path = ImageViewComponent.swift; sourceTree = "<group>"; };
		401E6FCB29E9BF3F00073410 /* ImageViewComponentEnum.swift */ = {isa = PBXFileReference; fileEncoding = 4; lastKnownFileType = sourcecode.swift; path = ImageViewComponentEnum.swift; sourceTree = "<group>"; };
		401E6FD029E9BFA700073410 /* ImageCacheManager.swift */ = {isa = PBXFileReference; fileEncoding = 4; lastKnownFileType = sourcecode.swift; path = ImageCacheManager.swift; sourceTree = "<group>"; };
		401E6FD229E9C06000073410 /* UserProfileInformationData.swift */ = {isa = PBXFileReference; lastKnownFileType = sourcecode.swift; path = UserProfileInformationData.swift; sourceTree = "<group>"; };
		401E6FD529E9CC5A00073410 /* UserProfileInformationComponent.swift */ = {isa = PBXFileReference; lastKnownFileType = sourcecode.swift; path = UserProfileInformationComponent.swift; sourceTree = "<group>"; };
		401E6FD729E9CC6600073410 /* UserProfileInformationComponentData.swift */ = {isa = PBXFileReference; lastKnownFileType = sourcecode.swift; path = UserProfileInformationComponentData.swift; sourceTree = "<group>"; };
		401E6FDA29E9D56100073410 /* SearchController.swift */ = {isa = PBXFileReference; lastKnownFileType = sourcecode.swift; path = SearchController.swift; sourceTree = "<group>"; };
		401E6FDC29E9D57300073410 /* SearchControllerViewModel.swift */ = {isa = PBXFileReference; lastKnownFileType = sourcecode.swift; path = SearchControllerViewModel.swift; sourceTree = "<group>"; };
		401E6FDE29E9D5D400073410 /* SearchScreenViewController.swift */ = {isa = PBXFileReference; lastKnownFileType = sourcecode.swift; path = SearchScreenViewController.swift; sourceTree = "<group>"; };
		401E6FE129E9D61D00073410 /* SearchScreenViewModel.swift */ = {isa = PBXFileReference; lastKnownFileType = sourcecode.swift; path = SearchScreenViewModel.swift; sourceTree = "<group>"; };
		401E6FE329E9D68400073410 /* SearchScreenBuilder.swift */ = {isa = PBXFileReference; lastKnownFileType = sourcecode.swift; path = SearchScreenBuilder.swift; sourceTree = "<group>"; };
		4030026C29D7126A00899CF5 /* Spordayim.app */ = {isa = PBXFileReference; explicitFileType = wrapper.application; includeInIndex = 0; path = Spordayim.app; sourceTree = BUILT_PRODUCTS_DIR; };
		4030026F29D7126A00899CF5 /* AppDelegate.swift */ = {isa = PBXFileReference; lastKnownFileType = sourcecode.swift; path = AppDelegate.swift; sourceTree = "<group>"; };
		4030027829D7126C00899CF5 /* Assets.xcassets */ = {isa = PBXFileReference; lastKnownFileType = folder.assetcatalog; path = Assets.xcassets; sourceTree = "<group>"; };
		4030027B29D7126C00899CF5 /* Base */ = {isa = PBXFileReference; lastKnownFileType = file.storyboard; name = Base; path = Base.lproj/LaunchScreen.storyboard; sourceTree = "<group>"; };
		4030027D29D7126C00899CF5 /* Info.plist */ = {isa = PBXFileReference; lastKnownFileType = text.plist.xml; path = Info.plist; sourceTree = "<group>"; };
		4030028429D712AF00899CF5 /* BaseCollectionView.swift */ = {isa = PBXFileReference; fileEncoding = 4; lastKnownFileType = sourcecode.swift; path = BaseCollectionView.swift; sourceTree = "<group>"; };
		4030028529D712AF00899CF5 /* BaseViewController.swift */ = {isa = PBXFileReference; fileEncoding = 4; lastKnownFileType = sourcecode.swift; path = BaseViewController.swift; sourceTree = "<group>"; };
		4030028629D712AF00899CF5 /* BaseTableViewCell.swift */ = {isa = PBXFileReference; fileEncoding = 4; lastKnownFileType = sourcecode.swift; path = BaseTableViewCell.swift; sourceTree = "<group>"; };
		4030028729D712AF00899CF5 /* BaseCollectionViewCell.swift */ = {isa = PBXFileReference; fileEncoding = 4; lastKnownFileType = sourcecode.swift; path = BaseCollectionViewCell.swift; sourceTree = "<group>"; };
		4030028829D712AF00899CF5 /* GenericCollectionViewCell.swift */ = {isa = PBXFileReference; fileEncoding = 4; lastKnownFileType = sourcecode.swift; path = GenericCollectionViewCell.swift; sourceTree = "<group>"; };
		4030028929D712AF00899CF5 /* GenericBaseView.swift */ = {isa = PBXFileReference; fileEncoding = 4; lastKnownFileType = sourcecode.swift; path = GenericBaseView.swift; sourceTree = "<group>"; };
		4030028A29D712AF00899CF5 /* BaseSearchController.swift */ = {isa = PBXFileReference; fileEncoding = 4; lastKnownFileType = sourcecode.swift; path = BaseSearchController.swift; sourceTree = "<group>"; };
		4030028B29D712AF00899CF5 /* BaseLabel.swift */ = {isa = PBXFileReference; fileEncoding = 4; lastKnownFileType = sourcecode.swift; path = BaseLabel.swift; sourceTree = "<group>"; };
		4030028C29D712AF00899CF5 /* BaseTableView.swift */ = {isa = PBXFileReference; fileEncoding = 4; lastKnownFileType = sourcecode.swift; path = BaseTableView.swift; sourceTree = "<group>"; };
		4030028D29D712AF00899CF5 /* GenericTableViewCell.swift */ = {isa = PBXFileReference; fileEncoding = 4; lastKnownFileType = sourcecode.swift; path = GenericTableViewCell.swift; sourceTree = "<group>"; };
		4030028E29D712AF00899CF5 /* BaseView.swift */ = {isa = PBXFileReference; fileEncoding = 4; lastKnownFileType = sourcecode.swift; path = BaseView.swift; sourceTree = "<group>"; };
		4030028F29D712AF00899CF5 /* BaseButton.swift */ = {isa = PBXFileReference; fileEncoding = 4; lastKnownFileType = sourcecode.swift; path = BaseButton.swift; sourceTree = "<group>"; };
		4030029E29D712B900899CF5 /* GoogleSignInButton.swift */ = {isa = PBXFileReference; fileEncoding = 4; lastKnownFileType = sourcecode.swift; path = GoogleSignInButton.swift; sourceTree = "<group>"; };
		403002A029D712B900899CF5 /* LoadingViewComponent.swift */ = {isa = PBXFileReference; fileEncoding = 4; lastKnownFileType = sourcecode.swift; path = LoadingViewComponent.swift; sourceTree = "<group>"; };
		403002A429D712C700899CF5 /* UIColor+Extension.swift */ = {isa = PBXFileReference; fileEncoding = 4; lastKnownFileType = sourcecode.swift; path = "UIColor+Extension.swift"; sourceTree = "<group>"; };
		403002A529D712C700899CF5 /* UIView+Extension.swift */ = {isa = PBXFileReference; fileEncoding = 4; lastKnownFileType = sourcecode.swift; path = "UIView+Extension.swift"; sourceTree = "<group>"; };
		403002AA29D712CE00899CF5 /* LoginPageViewModel.swift */ = {isa = PBXFileReference; fileEncoding = 4; lastKnownFileType = sourcecode.swift; path = LoginPageViewModel.swift; sourceTree = "<group>"; };
		403002AB29D712CE00899CF5 /* LoginPageBuilder.swift */ = {isa = PBXFileReference; fileEncoding = 4; lastKnownFileType = sourcecode.swift; path = LoginPageBuilder.swift; sourceTree = "<group>"; };
		403002AC29D712CE00899CF5 /* LoginPageViewController.swift */ = {isa = PBXFileReference; fileEncoding = 4; lastKnownFileType = sourcecode.swift; path = LoginPageViewController.swift; sourceTree = "<group>"; };
		403002B129D712D400899CF5 /* BaseViewModel.swift */ = {isa = PBXFileReference; fileEncoding = 4; lastKnownFileType = sourcecode.swift; path = BaseViewModel.swift; sourceTree = "<group>"; };
		403002B229D712D400899CF5 /* GenericDataProtocol.swift */ = {isa = PBXFileReference; fileEncoding = 4; lastKnownFileType = sourcecode.swift; path = GenericDataProtocol.swift; sourceTree = "<group>"; };
		403002C829D7143500899CF5 /* GoogleService-Info.plist */ = {isa = PBXFileReference; fileEncoding = 4; lastKnownFileType = text.plist.xml; path = "GoogleService-Info.plist"; sourceTree = "<group>"; };
		403002CB29D7224700899CF5 /* SignInButtonData.swift */ = {isa = PBXFileReference; lastKnownFileType = sourcecode.swift; path = SignInButtonData.swift; sourceTree = "<group>"; };
		403002CE29D727C300899CF5 /* MainMenuViewController.swift */ = {isa = PBXFileReference; lastKnownFileType = sourcecode.swift; path = MainMenuViewController.swift; sourceTree = "<group>"; };
		403002D029D727E500899CF5 /* MainMenuViewModel.swift */ = {isa = PBXFileReference; lastKnownFileType = sourcecode.swift; path = MainMenuViewModel.swift; sourceTree = "<group>"; };
		403002D229D7282500899CF5 /* MainMenuBuilder.swift */ = {isa = PBXFileReference; lastKnownFileType = sourcecode.swift; path = MainMenuBuilder.swift; sourceTree = "<group>"; };
		403002D429D7290000899CF5 /* MainMenuRouter.swift */ = {isa = PBXFileReference; lastKnownFileType = sourcecode.swift; path = MainMenuRouter.swift; sourceTree = "<group>"; };
		403002D829D72B6500899CF5 /* SceneOneViewController.swift */ = {isa = PBXFileReference; lastKnownFileType = sourcecode.swift; path = SceneOneViewController.swift; sourceTree = "<group>"; };
		403002DA29D72B6D00899CF5 /* SceneOneViewModel.swift */ = {isa = PBXFileReference; lastKnownFileType = sourcecode.swift; path = SceneOneViewModel.swift; sourceTree = "<group>"; };
		403002DC29D72B7700899CF5 /* SceneOneBuilder.swift */ = {isa = PBXFileReference; lastKnownFileType = sourcecode.swift; path = SceneOneBuilder.swift; sourceTree = "<group>"; };
		403002DF29D736E900899CF5 /* NavigationBarSettingsButton.swift */ = {isa = PBXFileReference; lastKnownFileType = sourcecode.swift; path = NavigationBarSettingsButton.swift; sourceTree = "<group>"; };
		403002E129D7371000899CF5 /* NavigationBarSettingsButtonData.swift */ = {isa = PBXFileReference; lastKnownFileType = sourcecode.swift; path = NavigationBarSettingsButtonData.swift; sourceTree = "<group>"; };
		403002E429D73D0100899CF5 /* AppSettingsViewController.swift */ = {isa = PBXFileReference; lastKnownFileType = sourcecode.swift; path = AppSettingsViewController.swift; sourceTree = "<group>"; };
		403002E629D73D0A00899CF5 /* AppSettingsBuilder.swift */ = {isa = PBXFileReference; lastKnownFileType = sourcecode.swift; path = AppSettingsBuilder.swift; sourceTree = "<group>"; };
		403002E829D73D1300899CF5 /* AppSettingsViewModel.swift */ = {isa = PBXFileReference; lastKnownFileType = sourcecode.swift; path = AppSettingsViewModel.swift; sourceTree = "<group>"; };
/* End PBXFileReference section */

/* Begin PBXFrameworksBuildPhase section */
		4030026929D7126A00899CF5 /* Frameworks */ = {
			isa = PBXFrameworksBuildPhase;
			buildActionMask = 2147483647;
			files = (
				403002BC29D713B100899CF5 /* FirebaseCrashlytics in Frameworks */,
				403002B829D713B100899CF5 /* FirebaseAnalytics in Frameworks */,
				403002BE29D713B100899CF5 /* FirebaseDatabase in Frameworks */,
				403002C729D7141F00899CF5 /* GoogleSignInSwift in Frameworks */,
				403002C029D713B100899CF5 /* FirebaseFirestore in Frameworks */,
				403002BA29D713B100899CF5 /* FirebaseAuth in Frameworks */,
				403002C229D713B100899CF5 /* FirebaseStorage in Frameworks */,
				403002C529D7141F00899CF5 /* GoogleSignIn in Frameworks */,
			);
			runOnlyForDeploymentPostprocessing = 0;
		};
/* End PBXFrameworksBuildPhase section */

/* Begin PBXGroup section */
		401E6FBD29E996C300073410 /* Tab Bar Component */ = {
			isa = PBXGroup;
			children = (
				401E6FBB29E9968D00073410 /* TabBarComponent.swift */,
				401E6FBE29E9971600073410 /* TabBarControllerComponentData.swift */,
				401E6FC029E99ADA00073410 /* TabBarControllerViewControllerData.swift */,
			);
			path = "Tab Bar Component";
			sourceTree = "<group>";
		};
		401E6FC229E9B0AC00073410 /* User Profile */ = {
			isa = PBXGroup;
			children = (
				401E6FC329E9B0C500073410 /* UserProfileViewController.swift */,
				401E6FC529E9B0D000073410 /* UserProfileViewModel.swift */,
				401E6FC729E9B0DC00073410 /* UserProfileBuilder.swift */,
				401E6FD229E9C06000073410 /* UserProfileInformationData.swift */,
			);
			path = "User Profile";
			sourceTree = "<group>";
		};
		401E6FC929E9BF3F00073410 /* Image View Component */ = {
			isa = PBXGroup;
			children = (
				401E6FCA29E9BF3F00073410 /* ImageViewComponent.swift */,
				401E6FCB29E9BF3F00073410 /* ImageViewComponentEnum.swift */,
			);
			path = "Image View Component";
			sourceTree = "<group>";
		};
		401E6FCE29E9BF9700073410 /* Managers */ = {
			isa = PBXGroup;
			children = (
				401E6FCF29E9BFA700073410 /* Image Cache Manager */,
			);
			path = Managers;
			sourceTree = "<group>";
		};
		401E6FCF29E9BFA700073410 /* Image Cache Manager */ = {
			isa = PBXGroup;
			children = (
				401E6FD029E9BFA700073410 /* ImageCacheManager.swift */,
			);
			path = "Image Cache Manager";
			sourceTree = "<group>";
		};
		401E6FD429E9CC2A00073410 /* Profile Information Component */ = {
			isa = PBXGroup;
			children = (
				401E6FD529E9CC5A00073410 /* UserProfileInformationComponent.swift */,
				401E6FD729E9CC6600073410 /* UserProfileInformationComponentData.swift */,
			);
			path = "Profile Information Component";
			sourceTree = "<group>";
		};
		401E6FD929E9D54A00073410 /* Search Controller */ = {
			isa = PBXGroup;
			children = (
				401E6FDA29E9D56100073410 /* SearchController.swift */,
				401E6FDC29E9D57300073410 /* SearchControllerViewModel.swift */,
			);
			path = "Search Controller";
			sourceTree = "<group>";
		};
		401E6FE029E9D5DF00073410 /* Search Screen */ = {
			isa = PBXGroup;
			children = (
				401E6FDE29E9D5D400073410 /* SearchScreenViewController.swift */,
				401E6FE129E9D61D00073410 /* SearchScreenViewModel.swift */,
				401E6FE329E9D68400073410 /* SearchScreenBuilder.swift */,
			);
			path = "Search Screen";
			sourceTree = "<group>";
		};
		4030026329D7126A00899CF5 = {
			isa = PBXGroup;
			children = (
				4030026E29D7126A00899CF5 /* Spordayim */,
				4030026D29D7126A00899CF5 /* Products */,
			);
			sourceTree = "<group>";
		};
		4030026D29D7126A00899CF5 /* Products */ = {
			isa = PBXGroup;
			children = (
				4030026C29D7126A00899CF5 /* Spordayim.app */,
			);
			name = Products;
			sourceTree = "<group>";
		};
		4030026E29D7126A00899CF5 /* Spordayim */ = {
			isa = PBXGroup;
			children = (
				403002B529D712D900899CF5 /* App Files */,
				403002CA29D71E2C00899CF5 /* Assets */,
				403002B029D712D400899CF5 /* Support Files */,
				4030028329D712AF00899CF5 /* Base Components */,
				4030029C29D712B900899CF5 /* Components */,
				401E6FCE29E9BF9700073410 /* Managers */,
				403002A829D712CE00899CF5 /* Screens */,
				403002A329D712C700899CF5 /* Extensions */,
				4030027A29D7126C00899CF5 /* LaunchScreen.storyboard */,
				4030027D29D7126C00899CF5 /* Info.plist */,
				403002C829D7143500899CF5 /* GoogleService-Info.plist */,
			);
			path = Spordayim;
			sourceTree = "<group>";
		};
		4030028329D712AF00899CF5 /* Base Components */ = {
			isa = PBXGroup;
			children = (
				4030028429D712AF00899CF5 /* BaseCollectionView.swift */,
				4030028529D712AF00899CF5 /* BaseViewController.swift */,
				4030028629D712AF00899CF5 /* BaseTableViewCell.swift */,
				4030028729D712AF00899CF5 /* BaseCollectionViewCell.swift */,
				4030028829D712AF00899CF5 /* GenericCollectionViewCell.swift */,
				4030028929D712AF00899CF5 /* GenericBaseView.swift */,
				4030028A29D712AF00899CF5 /* BaseSearchController.swift */,
				4030028B29D712AF00899CF5 /* BaseLabel.swift */,
				4030028C29D712AF00899CF5 /* BaseTableView.swift */,
				4030028D29D712AF00899CF5 /* GenericTableViewCell.swift */,
				4030028E29D712AF00899CF5 /* BaseView.swift */,
				4030028F29D712AF00899CF5 /* BaseButton.swift */,
			);
			path = "Base Components";
			sourceTree = "<group>";
		};
		4030029C29D712B900899CF5 /* Components */ = {
			isa = PBXGroup;
			children = (
				401E6FD929E9D54A00073410 /* Search Controller */,
				401E6FD429E9CC2A00073410 /* Profile Information Component */,
				401E6FC929E9BF3F00073410 /* Image View Component */,
				401E6FBD29E996C300073410 /* Tab Bar Component */,
				403002DE29D736CC00899CF5 /* Navigation Bar Settings Button */,
				4030029D29D712B900899CF5 /* Google Sign-In Button */,
				4030029F29D712B900899CF5 /* Loading View Component */,
			);
			path = Components;
			sourceTree = "<group>";
		};
		4030029D29D712B900899CF5 /* Google Sign-In Button */ = {
			isa = PBXGroup;
			children = (
				4030029E29D712B900899CF5 /* GoogleSignInButton.swift */,
				403002CB29D7224700899CF5 /* SignInButtonData.swift */,
			);
			path = "Google Sign-In Button";
			sourceTree = "<group>";
		};
		4030029F29D712B900899CF5 /* Loading View Component */ = {
			isa = PBXGroup;
			children = (
				403002A029D712B900899CF5 /* LoadingViewComponent.swift */,
			);
			path = "Loading View Component";
			sourceTree = "<group>";
		};
		403002A329D712C700899CF5 /* Extensions */ = {
			isa = PBXGroup;
			children = (
				403002A429D712C700899CF5 /* UIColor+Extension.swift */,
				403002A529D712C700899CF5 /* UIView+Extension.swift */,
			);
			path = Extensions;
			sourceTree = "<group>";
		};
		403002A829D712CE00899CF5 /* Screens */ = {
			isa = PBXGroup;
			children = (
				403002A929D712CE00899CF5 /* Login Page */,
				403002D629D72ADE00899CF5 /* User Profile Information Screens */,
				403002CD29D727B300899CF5 /* Main Menu */,
				401E6FE029E9D5DF00073410 /* Search Screen */,
				401E6FC229E9B0AC00073410 /* User Profile */,
				403002E329D73CDE00899CF5 /* App Settings */,
			);
			path = Screens;
			sourceTree = "<group>";
		};
		403002A929D712CE00899CF5 /* Login Page */ = {
			isa = PBXGroup;
			children = (
				403002AA29D712CE00899CF5 /* LoginPageViewModel.swift */,
				403002AB29D712CE00899CF5 /* LoginPageBuilder.swift */,
				403002AC29D712CE00899CF5 /* LoginPageViewController.swift */,
			);
			path = "Login Page";
			sourceTree = "<group>";
		};
		403002B029D712D400899CF5 /* Support Files */ = {
			isa = PBXGroup;
			children = (
				403002B129D712D400899CF5 /* BaseViewModel.swift */,
				403002B229D712D400899CF5 /* GenericDataProtocol.swift */,
			);
			path = "Support Files";
			sourceTree = "<group>";
		};
		403002B529D712D900899CF5 /* App Files */ = {
			isa = PBXGroup;
			children = (
				4030026F29D7126A00899CF5 /* AppDelegate.swift */,
			);
			path = "App Files";
			sourceTree = "<group>";
		};
		403002CA29D71E2C00899CF5 /* Assets */ = {
			isa = PBXGroup;
			children = (
				4030027829D7126C00899CF5 /* Assets.xcassets */,
			);
			path = Assets;
			sourceTree = "<group>";
		};
		403002CD29D727B300899CF5 /* Main Menu */ = {
			isa = PBXGroup;
			children = (
				403002CE29D727C300899CF5 /* MainMenuViewController.swift */,
				403002D029D727E500899CF5 /* MainMenuViewModel.swift */,
				403002D229D7282500899CF5 /* MainMenuBuilder.swift */,
				403002D429D7290000899CF5 /* MainMenuRouter.swift */,
			);
			path = "Main Menu";
			sourceTree = "<group>";
		};
		403002D629D72ADE00899CF5 /* User Profile Information Screens */ = {
			isa = PBXGroup;
			children = (
				403002D729D72B5100899CF5 /* Scene One */,
			);
			path = "User Profile Information Screens";
			sourceTree = "<group>";
		};
		403002D729D72B5100899CF5 /* Scene One */ = {
			isa = PBXGroup;
			children = (
				403002D829D72B6500899CF5 /* SceneOneViewController.swift */,
				403002DA29D72B6D00899CF5 /* SceneOneViewModel.swift */,
				403002DC29D72B7700899CF5 /* SceneOneBuilder.swift */,
			);
			path = "Scene One";
			sourceTree = "<group>";
		};
		403002DE29D736CC00899CF5 /* Navigation Bar Settings Button */ = {
			isa = PBXGroup;
			children = (
				403002DF29D736E900899CF5 /* NavigationBarSettingsButton.swift */,
				403002E129D7371000899CF5 /* NavigationBarSettingsButtonData.swift */,
			);
			path = "Navigation Bar Settings Button";
			sourceTree = "<group>";
		};
		403002E329D73CDE00899CF5 /* App Settings */ = {
			isa = PBXGroup;
			children = (
				403002E429D73D0100899CF5 /* AppSettingsViewController.swift */,
				403002E629D73D0A00899CF5 /* AppSettingsBuilder.swift */,
				403002E829D73D1300899CF5 /* AppSettingsViewModel.swift */,
			);
			path = "App Settings";
			sourceTree = "<group>";
		};
/* End PBXGroup section */

/* Begin PBXNativeTarget section */
		4030026B29D7126A00899CF5 /* Spordayim */ = {
			isa = PBXNativeTarget;
			buildConfigurationList = 4030028029D7126C00899CF5 /* Build configuration list for PBXNativeTarget "Spordayim" */;
			buildPhases = (
				4030026829D7126A00899CF5 /* Sources */,
				4030026929D7126A00899CF5 /* Frameworks */,
				4030026A29D7126A00899CF5 /* Resources */,
			);
			buildRules = (
			);
			dependencies = (
			);
			name = Spordayim;
			packageProductDependencies = (
				403002B729D713B100899CF5 /* FirebaseAnalytics */,
				403002B929D713B100899CF5 /* FirebaseAuth */,
				403002BB29D713B100899CF5 /* FirebaseCrashlytics */,
				403002BD29D713B100899CF5 /* FirebaseDatabase */,
				403002BF29D713B100899CF5 /* FirebaseFirestore */,
				403002C129D713B100899CF5 /* FirebaseStorage */,
				403002C429D7141F00899CF5 /* GoogleSignIn */,
				403002C629D7141F00899CF5 /* GoogleSignInSwift */,
			);
			productName = Spordayim;
			productReference = 4030026C29D7126A00899CF5 /* Spordayim.app */;
			productType = "com.apple.product-type.application";
		};
/* End PBXNativeTarget section */

/* Begin PBXProject section */
		4030026429D7126A00899CF5 /* Project object */ = {
			isa = PBXProject;
			attributes = {
				BuildIndependentTargetsInParallel = 1;
				LastSwiftUpdateCheck = 1420;
				LastUpgradeCheck = 1420;
				TargetAttributes = {
					4030026B29D7126A00899CF5 = {
						CreatedOnToolsVersion = 14.2;
					};
				};
			};
			buildConfigurationList = 4030026729D7126A00899CF5 /* Build configuration list for PBXProject "Spordayim" */;
			compatibilityVersion = "Xcode 14.0";
			developmentRegion = en;
			hasScannedForEncodings = 0;
			knownRegions = (
				en,
				Base,
			);
			mainGroup = 4030026329D7126A00899CF5;
			packageReferences = (
				403002B629D713B100899CF5 /* XCRemoteSwiftPackageReference "firebase-ios-sdk" */,
				403002C329D7141F00899CF5 /* XCRemoteSwiftPackageReference "GoogleSignIn-iOS" */,
			);
			productRefGroup = 4030026D29D7126A00899CF5 /* Products */;
			projectDirPath = "";
			projectRoot = "";
			targets = (
				4030026B29D7126A00899CF5 /* Spordayim */,
			);
		};
/* End PBXProject section */

/* Begin PBXResourcesBuildPhase section */
		4030026A29D7126A00899CF5 /* Resources */ = {
			isa = PBXResourcesBuildPhase;
			buildActionMask = 2147483647;
			files = (
				4030027C29D7126C00899CF5 /* LaunchScreen.storyboard in Resources */,
				4030027929D7126C00899CF5 /* Assets.xcassets in Resources */,
				403002C929D7143500899CF5 /* GoogleService-Info.plist in Resources */,
			);
			runOnlyForDeploymentPostprocessing = 0;
		};
/* End PBXResourcesBuildPhase section */

/* Begin PBXSourcesBuildPhase section */
		4030026829D7126A00899CF5 /* Sources */ = {
			isa = PBXSourcesBuildPhase;
			buildActionMask = 2147483647;
			files = (
				403002CF29D727C400899CF5 /* MainMenuViewController.swift in Sources */,
				403002D329D7282500899CF5 /* MainMenuBuilder.swift in Sources */,
				403002B329D712D400899CF5 /* BaseViewModel.swift in Sources */,
				403002A229D712B900899CF5 /* LoadingViewComponent.swift in Sources */,
				403002AE29D712CE00899CF5 /* LoginPageBuilder.swift in Sources */,
				4030029A29D712AF00899CF5 /* BaseView.swift in Sources */,
				403002E729D73D0A00899CF5 /* AppSettingsBuilder.swift in Sources */,
				401E6FCD29E9BF3F00073410 /* ImageViewComponentEnum.swift in Sources */,
				403002D929D72B6500899CF5 /* SceneOneViewController.swift in Sources */,
				4030029129D712AF00899CF5 /* BaseViewController.swift in Sources */,
				401E6FBF29E9971600073410 /* TabBarControllerComponentData.swift in Sources */,
				401E6FC829E9B0DC00073410 /* UserProfileBuilder.swift in Sources */,
				403002A629D712C700899CF5 /* UIColor+Extension.swift in Sources */,
				401E6FE429E9D68400073410 /* SearchScreenBuilder.swift in Sources */,
				403002DD29D72B7700899CF5 /* SceneOneBuilder.swift in Sources */,
				403002E029D736E900899CF5 /* NavigationBarSettingsButton.swift in Sources */,
				403002AD29D712CE00899CF5 /* LoginPageViewModel.swift in Sources */,
				403002E229D7371000899CF5 /* NavigationBarSettingsButtonData.swift in Sources */,
				403002E529D73D0100899CF5 /* AppSettingsViewController.swift in Sources */,
				403002CC29D7224700899CF5 /* SignInButtonData.swift in Sources */,
				401E6FC629E9B0D000073410 /* UserProfileViewModel.swift in Sources */,
				401E6FD129E9BFA700073410 /* ImageCacheManager.swift in Sources */,
				403002D529D7290000899CF5 /* MainMenuRouter.swift in Sources */,
				401E6FDF29E9D5D400073410 /* SearchScreenViewController.swift in Sources */,
				403002DB29D72B6D00899CF5 /* SceneOneViewModel.swift in Sources */,
				4030029429D712AF00899CF5 /* GenericCollectionViewCell.swift in Sources */,
				4030029529D712AF00899CF5 /* GenericBaseView.swift in Sources */,
				4030027029D7126A00899CF5 /* AppDelegate.swift in Sources */,
				4030029629D712AF00899CF5 /* BaseSearchController.swift in Sources */,
				401E6FD829E9CC6600073410 /* UserProfileInformationComponentData.swift in Sources */,
				403002A129D712B900899CF5 /* GoogleSignInButton.swift in Sources */,
				403002AF29D712CE00899CF5 /* LoginPageViewController.swift in Sources */,
				401E6FC129E99ADA00073410 /* TabBarControllerViewControllerData.swift in Sources */,
				401E6FCC29E9BF3F00073410 /* ImageViewComponent.swift in Sources */,
				4030029829D712AF00899CF5 /* BaseTableView.swift in Sources */,
				4030029229D712AF00899CF5 /* BaseTableViewCell.swift in Sources */,
				401E6FD329E9C06000073410 /* UserProfileInformationData.swift in Sources */,
				403002D129D727E500899CF5 /* MainMenuViewModel.swift in Sources */,
				403002A729D712C700899CF5 /* UIView+Extension.swift in Sources */,
				401E6FDD29E9D57300073410 /* SearchControllerViewModel.swift in Sources */,
				4030029029D712AF00899CF5 /* BaseCollectionView.swift in Sources */,
				4030029B29D712AF00899CF5 /* BaseButton.swift in Sources */,
				403002B429D712D400899CF5 /* GenericDataProtocol.swift in Sources */,
				401E6FE229E9D61D00073410 /* SearchScreenViewModel.swift in Sources */,
				4030029929D712AF00899CF5 /* GenericTableViewCell.swift in Sources */,
				401E6FD629E9CC5A00073410 /* UserProfileInformationComponent.swift in Sources */,
				401E6FC429E9B0C500073410 /* UserProfileViewController.swift in Sources */,
				401E6FDB29E9D56100073410 /* SearchController.swift in Sources */,
				4030029329D712AF00899CF5 /* BaseCollectionViewCell.swift in Sources */,
				4030029729D712AF00899CF5 /* BaseLabel.swift in Sources */,
				403002E929D73D1300899CF5 /* AppSettingsViewModel.swift in Sources */,
				401E6FBC29E9968D00073410 /* TabBarComponent.swift in Sources */,
			);
			runOnlyForDeploymentPostprocessing = 0;
		};
/* End PBXSourcesBuildPhase section */

/* Begin PBXVariantGroup section */
		4030027A29D7126C00899CF5 /* LaunchScreen.storyboard */ = {
			isa = PBXVariantGroup;
			children = (
				4030027B29D7126C00899CF5 /* Base */,
			);
			name = LaunchScreen.storyboard;
			sourceTree = "<group>";
		};
/* End PBXVariantGroup section */

/* Begin XCBuildConfiguration section */
		4030027E29D7126C00899CF5 /* Debug */ = {
			isa = XCBuildConfiguration;
			buildSettings = {
				ALWAYS_SEARCH_USER_PATHS = NO;
				CLANG_ANALYZER_NONNULL = YES;
				CLANG_ANALYZER_NUMBER_OBJECT_CONVERSION = YES_AGGRESSIVE;
				CLANG_CXX_LANGUAGE_STANDARD = "gnu++20";
				CLANG_ENABLE_MODULES = YES;
				CLANG_ENABLE_OBJC_ARC = YES;
				CLANG_ENABLE_OBJC_WEAK = YES;
				CLANG_WARN_BLOCK_CAPTURE_AUTORELEASING = YES;
				CLANG_WARN_BOOL_CONVERSION = YES;
				CLANG_WARN_COMMA = YES;
				CLANG_WARN_CONSTANT_CONVERSION = YES;
				CLANG_WARN_DEPRECATED_OBJC_IMPLEMENTATIONS = YES;
				CLANG_WARN_DIRECT_OBJC_ISA_USAGE = YES_ERROR;
				CLANG_WARN_DOCUMENTATION_COMMENTS = YES;
				CLANG_WARN_EMPTY_BODY = YES;
				CLANG_WARN_ENUM_CONVERSION = YES;
				CLANG_WARN_INFINITE_RECURSION = YES;
				CLANG_WARN_INT_CONVERSION = YES;
				CLANG_WARN_NON_LITERAL_NULL_CONVERSION = YES;
				CLANG_WARN_OBJC_IMPLICIT_RETAIN_SELF = YES;
				CLANG_WARN_OBJC_LITERAL_CONVERSION = YES;
				CLANG_WARN_OBJC_ROOT_CLASS = YES_ERROR;
				CLANG_WARN_QUOTED_INCLUDE_IN_FRAMEWORK_HEADER = YES;
				CLANG_WARN_RANGE_LOOP_ANALYSIS = YES;
				CLANG_WARN_STRICT_PROTOTYPES = YES;
				CLANG_WARN_SUSPICIOUS_MOVE = YES;
				CLANG_WARN_UNGUARDED_AVAILABILITY = YES_AGGRESSIVE;
				CLANG_WARN_UNREACHABLE_CODE = YES;
				CLANG_WARN__DUPLICATE_METHOD_MATCH = YES;
				COPY_PHASE_STRIP = NO;
				DEBUG_INFORMATION_FORMAT = dwarf;
				ENABLE_STRICT_OBJC_MSGSEND = YES;
				ENABLE_TESTABILITY = YES;
				GCC_C_LANGUAGE_STANDARD = gnu11;
				GCC_DYNAMIC_NO_PIC = NO;
				GCC_NO_COMMON_BLOCKS = YES;
				GCC_OPTIMIZATION_LEVEL = 0;
				GCC_PREPROCESSOR_DEFINITIONS = (
					"DEBUG=1",
					"$(inherited)",
				);
				GCC_WARN_64_TO_32_BIT_CONVERSION = YES;
				GCC_WARN_ABOUT_RETURN_TYPE = YES_ERROR;
				GCC_WARN_UNDECLARED_SELECTOR = YES;
				GCC_WARN_UNINITIALIZED_AUTOS = YES_AGGRESSIVE;
				GCC_WARN_UNUSED_FUNCTION = YES;
				GCC_WARN_UNUSED_VARIABLE = YES;
				IPHONEOS_DEPLOYMENT_TARGET = 13.0;
				MTL_ENABLE_DEBUG_INFO = INCLUDE_SOURCE;
				MTL_FAST_MATH = YES;
				ONLY_ACTIVE_ARCH = YES;
				SDKROOT = iphoneos;
				SWIFT_ACTIVE_COMPILATION_CONDITIONS = DEBUG;
				SWIFT_OPTIMIZATION_LEVEL = "-Onone";
			};
			name = Debug;
		};
		4030027F29D7126C00899CF5 /* Release */ = {
			isa = XCBuildConfiguration;
			buildSettings = {
				ALWAYS_SEARCH_USER_PATHS = NO;
				CLANG_ANALYZER_NONNULL = YES;
				CLANG_ANALYZER_NUMBER_OBJECT_CONVERSION = YES_AGGRESSIVE;
				CLANG_CXX_LANGUAGE_STANDARD = "gnu++20";
				CLANG_ENABLE_MODULES = YES;
				CLANG_ENABLE_OBJC_ARC = YES;
				CLANG_ENABLE_OBJC_WEAK = YES;
				CLANG_WARN_BLOCK_CAPTURE_AUTORELEASING = YES;
				CLANG_WARN_BOOL_CONVERSION = YES;
				CLANG_WARN_COMMA = YES;
				CLANG_WARN_CONSTANT_CONVERSION = YES;
				CLANG_WARN_DEPRECATED_OBJC_IMPLEMENTATIONS = YES;
				CLANG_WARN_DIRECT_OBJC_ISA_USAGE = YES_ERROR;
				CLANG_WARN_DOCUMENTATION_COMMENTS = YES;
				CLANG_WARN_EMPTY_BODY = YES;
				CLANG_WARN_ENUM_CONVERSION = YES;
				CLANG_WARN_INFINITE_RECURSION = YES;
				CLANG_WARN_INT_CONVERSION = YES;
				CLANG_WARN_NON_LITERAL_NULL_CONVERSION = YES;
				CLANG_WARN_OBJC_IMPLICIT_RETAIN_SELF = YES;
				CLANG_WARN_OBJC_LITERAL_CONVERSION = YES;
				CLANG_WARN_OBJC_ROOT_CLASS = YES_ERROR;
				CLANG_WARN_QUOTED_INCLUDE_IN_FRAMEWORK_HEADER = YES;
				CLANG_WARN_RANGE_LOOP_ANALYSIS = YES;
				CLANG_WARN_STRICT_PROTOTYPES = YES;
				CLANG_WARN_SUSPICIOUS_MOVE = YES;
				CLANG_WARN_UNGUARDED_AVAILABILITY = YES_AGGRESSIVE;
				CLANG_WARN_UNREACHABLE_CODE = YES;
				CLANG_WARN__DUPLICATE_METHOD_MATCH = YES;
				COPY_PHASE_STRIP = NO;
				DEBUG_INFORMATION_FORMAT = "dwarf-with-dsym";
				ENABLE_NS_ASSERTIONS = NO;
				ENABLE_STRICT_OBJC_MSGSEND = YES;
				GCC_C_LANGUAGE_STANDARD = gnu11;
				GCC_NO_COMMON_BLOCKS = YES;
				GCC_WARN_64_TO_32_BIT_CONVERSION = YES;
				GCC_WARN_ABOUT_RETURN_TYPE = YES_ERROR;
				GCC_WARN_UNDECLARED_SELECTOR = YES;
				GCC_WARN_UNINITIALIZED_AUTOS = YES_AGGRESSIVE;
				GCC_WARN_UNUSED_FUNCTION = YES;
				GCC_WARN_UNUSED_VARIABLE = YES;
				IPHONEOS_DEPLOYMENT_TARGET = 13.0;
				MTL_ENABLE_DEBUG_INFO = NO;
				MTL_FAST_MATH = YES;
				SDKROOT = iphoneos;
				SWIFT_COMPILATION_MODE = wholemodule;
				SWIFT_OPTIMIZATION_LEVEL = "-O";
				VALIDATE_PRODUCT = YES;
			};
			name = Release;
		};
		4030028129D7126C00899CF5 /* Debug */ = {
			isa = XCBuildConfiguration;
			buildSettings = {
				ASSETCATALOG_COMPILER_APPICON_NAME = AppIcon;
				ASSETCATALOG_COMPILER_GLOBAL_ACCENT_COLOR_NAME = AccentColor;
				CODE_SIGN_STYLE = Automatic;
				CURRENT_PROJECT_VERSION = 1;
				DEVELOPMENT_TEAM = AYUDH4AXL5;
				GENERATE_INFOPLIST_FILE = YES;
				INFOPLIST_FILE = Spordayim/Info.plist;
				INFOPLIST_KEY_UIApplicationSupportsIndirectInputEvents = YES;
				INFOPLIST_KEY_UILaunchStoryboardName = LaunchScreen;
				INFOPLIST_KEY_UISupportedInterfaceOrientations_iPad = "UIInterfaceOrientationPortrait UIInterfaceOrientationPortraitUpsideDown UIInterfaceOrientationLandscapeLeft UIInterfaceOrientationLandscapeRight";
				INFOPLIST_KEY_UISupportedInterfaceOrientations_iPhone = "UIInterfaceOrientationPortrait UIInterfaceOrientationLandscapeLeft UIInterfaceOrientationLandscapeRight";
				IPHONEOS_DEPLOYMENT_TARGET = 13.0;
				LD_RUNPATH_SEARCH_PATHS = (
					"$(inherited)",
					"@executable_path/Frameworks",
				);
				MARKETING_VERSION = 1.0;
				PRODUCT_BUNDLE_IDENTIFIER = com.mertdemirtas.Spordayim;
				PRODUCT_NAME = "$(TARGET_NAME)";
				SWIFT_EMIT_LOC_STRINGS = YES;
				SWIFT_VERSION = 5.0;
				TARGETED_DEVICE_FAMILY = "1,2";
			};
			name = Debug;
		};
		4030028229D7126C00899CF5 /* Release */ = {
			isa = XCBuildConfiguration;
			buildSettings = {
				ASSETCATALOG_COMPILER_APPICON_NAME = AppIcon;
				ASSETCATALOG_COMPILER_GLOBAL_ACCENT_COLOR_NAME = AccentColor;
				CODE_SIGN_STYLE = Automatic;
				CURRENT_PROJECT_VERSION = 1;
				DEVELOPMENT_TEAM = AYUDH4AXL5;
				GENERATE_INFOPLIST_FILE = YES;
				INFOPLIST_FILE = Spordayim/Info.plist;
				INFOPLIST_KEY_UIApplicationSupportsIndirectInputEvents = YES;
				INFOPLIST_KEY_UILaunchStoryboardName = LaunchScreen;
				INFOPLIST_KEY_UISupportedInterfaceOrientations_iPad = "UIInterfaceOrientationPortrait UIInterfaceOrientationPortraitUpsideDown UIInterfaceOrientationLandscapeLeft UIInterfaceOrientationLandscapeRight";
				INFOPLIST_KEY_UISupportedInterfaceOrientations_iPhone = "UIInterfaceOrientationPortrait UIInterfaceOrientationLandscapeLeft UIInterfaceOrientationLandscapeRight";
				IPHONEOS_DEPLOYMENT_TARGET = 13.0;
				LD_RUNPATH_SEARCH_PATHS = (
					"$(inherited)",
					"@executable_path/Frameworks",
				);
				MARKETING_VERSION = 1.0;
				PRODUCT_BUNDLE_IDENTIFIER = com.mertdemirtas.Spordayim;
				PRODUCT_NAME = "$(TARGET_NAME)";
				SWIFT_EMIT_LOC_STRINGS = YES;
				SWIFT_VERSION = 5.0;
				TARGETED_DEVICE_FAMILY = "1,2";
			};
			name = Release;
		};
/* End XCBuildConfiguration section */

/* Begin XCConfigurationList section */
		4030026729D7126A00899CF5 /* Build configuration list for PBXProject "Spordayim" */ = {
			isa = XCConfigurationList;
			buildConfigurations = (
				4030027E29D7126C00899CF5 /* Debug */,
				4030027F29D7126C00899CF5 /* Release */,
			);
			defaultConfigurationIsVisible = 0;
			defaultConfigurationName = Release;
		};
		4030028029D7126C00899CF5 /* Build configuration list for PBXNativeTarget "Spordayim" */ = {
			isa = XCConfigurationList;
			buildConfigurations = (
				4030028129D7126C00899CF5 /* Debug */,
				4030028229D7126C00899CF5 /* Release */,
			);
			defaultConfigurationIsVisible = 0;
			defaultConfigurationName = Release;
		};
/* End XCConfigurationList section */

/* Begin XCRemoteSwiftPackageReference section */
		403002B629D713B100899CF5 /* XCRemoteSwiftPackageReference "firebase-ios-sdk" */ = {
			isa = XCRemoteSwiftPackageReference;
			repositoryURL = "https://github.com/firebase/firebase-ios-sdk";
			requirement = {
				branch = master;
				kind = branch;
			};
		};
		403002C329D7141F00899CF5 /* XCRemoteSwiftPackageReference "GoogleSignIn-iOS" */ = {
			isa = XCRemoteSwiftPackageReference;
			repositoryURL = "https://github.com/google/GoogleSignIn-iOS";
			requirement = {
				branch = main;
				kind = branch;
			};
		};
/* End XCRemoteSwiftPackageReference section */

/* Begin XCSwiftPackageProductDependency section */
		403002B729D713B100899CF5 /* FirebaseAnalytics */ = {
			isa = XCSwiftPackageProductDependency;
			package = 403002B629D713B100899CF5 /* XCRemoteSwiftPackageReference "firebase-ios-sdk" */;
			productName = FirebaseAnalytics;
		};
		403002B929D713B100899CF5 /* FirebaseAuth */ = {
			isa = XCSwiftPackageProductDependency;
			package = 403002B629D713B100899CF5 /* XCRemoteSwiftPackageReference "firebase-ios-sdk" */;
			productName = FirebaseAuth;
		};
		403002BB29D713B100899CF5 /* FirebaseCrashlytics */ = {
			isa = XCSwiftPackageProductDependency;
			package = 403002B629D713B100899CF5 /* XCRemoteSwiftPackageReference "firebase-ios-sdk" */;
			productName = FirebaseCrashlytics;
		};
		403002BD29D713B100899CF5 /* FirebaseDatabase */ = {
			isa = XCSwiftPackageProductDependency;
			package = 403002B629D713B100899CF5 /* XCRemoteSwiftPackageReference "firebase-ios-sdk" */;
			productName = FirebaseDatabase;
		};
		403002BF29D713B100899CF5 /* FirebaseFirestore */ = {
			isa = XCSwiftPackageProductDependency;
			package = 403002B629D713B100899CF5 /* XCRemoteSwiftPackageReference "firebase-ios-sdk" */;
			productName = FirebaseFirestore;
		};
		403002C129D713B100899CF5 /* FirebaseStorage */ = {
			isa = XCSwiftPackageProductDependency;
			package = 403002B629D713B100899CF5 /* XCRemoteSwiftPackageReference "firebase-ios-sdk" */;
			productName = FirebaseStorage;
		};
		403002C429D7141F00899CF5 /* GoogleSignIn */ = {
			isa = XCSwiftPackageProductDependency;
			package = 403002C329D7141F00899CF5 /* XCRemoteSwiftPackageReference "GoogleSignIn-iOS" */;
			productName = GoogleSignIn;
		};
		403002C629D7141F00899CF5 /* GoogleSignInSwift */ = {
			isa = XCSwiftPackageProductDependency;
			package = 403002C329D7141F00899CF5 /* XCRemoteSwiftPackageReference "GoogleSignIn-iOS" */;
			productName = GoogleSignInSwift;
		};
/* End XCSwiftPackageProductDependency section */
	};
	rootObject = 4030026429D7126A00899CF5 /* Project object */;
}
